
Microsoft Visual Studio Solution File, Format Version 12.00
# Visual Studio Version 17
VisualStudioVersion = 17.7.34031.279
MinimumVisualStudioVersion = 10.0.40219.1
Project("{FAE04EC0-301F-11D3-BF4B-00C04F79EFBC}") = "WikiCrawler", "WikiCrawler\WikiCrawler.csproj", "{E36D6A59-F035-425A-903C-D9AB522C8414}"
EndProject
Project("{FAE04EC0-301F-11D3-BF4B-00C04F79EFBC}") = "WikiCrawlerTests", "DateTests\WikiCrawlerTests.csproj", "{A56BC0FE-4335-46B8-B612-BCC695C40E41}"
EndProject
Project("{2150E333-8FDC-42A3-9474-1A3956D46DE8}") = "Solution Items", "Solution Items", "{1F3BAA5D-A27B-4328-8474-DE15F715EE02}"
	ProjectSection(SolutionItems) = preProject
		Local.testsettings = Local.testsettings
		TraceAndTestImpact.testsettings = TraceAndTestImpact.testsettings
		WikiCrawler.vsmdi = WikiCrawler.vsmdi
	EndProjectSection
EndProject
Global
	GlobalSection(SolutionConfigurationPlatforms) = preSolution
		Debug|Any CPU = Debug|Any CPU
		Debug|Mixed Platforms = Debug|Mixed Platforms
		Debug|x86 = Debug|x86
		Release|Any CPU = Release|Any CPU
		Release|Mixed Platforms = Release|Mixed Platforms
		Release|x86 = Release|x86
	EndGlobalSection
	GlobalSection(ProjectConfigurationPlatforms) = postSolution
		{E36D6A59-F035-425A-903C-D9AB522C8414}.Debug|Any CPU.ActiveCfg = Debug|x86
		{E36D6A59-F035-425A-903C-D9AB522C8414}.Debug|Mixed Platforms.ActiveCfg = Debug|x86
		{E36D6A59-F035-425A-903C-D9AB522C8414}.Debug|Mixed Platforms.Build.0 = Debug|x86
		{E36D6A59-F035-425A-903C-D9AB522C8414}.Debug|x86.ActiveCfg = Debug|x86
		{E36D6A59-F035-425A-903C-D9AB522C8414}.Debug|x86.Build.0 = Debug|x86
		{E36D6A59-F035-425A-903C-D9AB522C8414}.Release|Any CPU.ActiveCfg = Release|x86
		{E36D6A59-F035-425A-903C-D9AB522C8414}.Release|Mixed Platforms.ActiveCfg = Release|x86
		{E36D6A59-F035-425A-903C-D9AB522C8414}.Release|Mixed Platforms.Build.0 = Release|x86
		{E36D6A59-F035-425A-903C-D9AB522C8414}.Release|x86.ActiveCfg = Release|x86
		{E36D6A59-F035-425A-903C-D9AB522C8414}.Release|x86.Build.0 = Release|x86
		{A56BC0FE-4335-46B8-B612-BCC695C40E41}.Debug|Any CPU.ActiveCfg = Debug|Any CPU
		{A56BC0FE-4335-46B8-B612-BCC695C40E41}.Debug|Any CPU.Build.0 = Debug|Any CPU
		{A56BC0FE-4335-46B8-B612-BCC695C40E41}.Debug|Mixed Platforms.ActiveCfg = Debug|Any CPU
		{A56BC0FE-4335-46B8-B612-BCC695C40E41}.Debug|Mixed Platforms.Build.0 = Debug|Any CPU
		{A56BC0FE-4335-46B8-B612-BCC695C40E41}.Debug|x86.ActiveCfg = Debug|Any CPU
		{A56BC0FE-4335-46B8-B612-BCC695C40E41}.Release|Any CPU.ActiveCfg = Release|Any CPU
		{A56BC0FE-4335-46B8-B612-BCC695C40E41}.Release|Any CPU.Build.0 = Release|Any CPU
		{A56BC0FE-4335-46B8-B612-BCC695C40E41}.Release|Mixed Platforms.ActiveCfg = Release|Any CPU
		{A56BC0FE-4335-46B8-B612-BCC695C40E41}.Release|Mixed Platforms.Build.0 = Release|Any CPU
		{A56BC0FE-4335-46B8-B612-BCC695C40E41}.Release|x86.ActiveCfg = Release|Any CPU
	EndGlobalSection
	GlobalSection(SolutionProperties) = preSolution
		HideSolutionNode = FALSE
	EndGlobalSection
	GlobalSection(TestCaseManagementSettings) = postSolution
		CategoryFile = WikiCrawler.vsmdi
	EndGlobalSection
EndGlobal
